Microsoft Visual Studio Solution File, Format Version 12.00
# Visual Studio Version 17
VisualStudioVersion = 17.3.32929.385
MinimumVisualStudioVersion = 10.0.40219.1
Project("{9A19103F-16F7-4668-BE54-9A1E7A4F7556}") = "Utils", "Utils\Utils.csproj", "{74BBC1AE-141F-4C4F-8EE7-F6371461406B}"
EndProject
Project("{9A19103F-16F7-4668-BE54-9A1E7A4F7556}") = "1-CalorieCounting", "1-CalorieCounting\1-CalorieCounting.csproj", "{F1BBEB14-8C09-47DE-942C-02B615D87A17}"
EndProject
Project("{FAE04EC0-301F-11D3-BF4B-00C04F79EFBC}") = "2-RockPaperScissors", "2-RockPaperScissors\2-RockPaperScissors.csproj", "{828F2A50-BB41-4FC6-8169-6B0E57E3CAE1}"
EndProject
Global
	GlobalSection(SolutionConfigurationPlatforms) = preSolution
		Debug|Any CPU = Debug|Any CPU
		Release|Any CPU = Release|Any CPU
	EndGlobalSection
	GlobalSection(ProjectConfigurationPlatforms) = postSolution
		{74BBC1AE-141F-4C4F-8EE7-F6371461406B}.Debug|Any CPU.ActiveCfg = Debug|Any CPU
		{74BBC1AE-141F-4C4F-8EE7-F6371461406B}.Debug|Any CPU.Build.0 = Debug|Any CPU
		{74BBC1AE-141F-4C4F-8EE7-F6371461406B}.Release|Any CPU.ActiveCfg = Release|Any CPU
		{74BBC1AE-141F-4C4F-8EE7-F6371461406B}.Release|Any CPU.Build.0 = Release|Any CPU
		{F1BBEB14-8C09-47DE-942C-02B615D87A17}.Debug|Any CPU.ActiveCfg = Debug|Any CPU
		{F1BBEB14-8C09-47DE-942C-02B615D87A17}.Debug|Any CPU.Build.0 = Debug|Any CPU
		{F1BBEB14-8C09-47DE-942C-02B615D87A17}.Release|Any CPU.ActiveCfg = Release|Any CPU
		{F1BBEB14-8C09-47DE-942C-02B615D87A17}.Release|Any CPU.Build.0 = Release|Any CPU
		{828F2A50-BB41-4FC6-8169-6B0E57E3CAE1}.Debug|Any CPU.ActiveCfg = Debug|Any CPU
		{828F2A50-BB41-4FC6-8169-6B0E57E3CAE1}.Debug|Any CPU.Build.0 = Debug|Any CPU
		{828F2A50-BB41-4FC6-8169-6B0E57E3CAE1}.Release|Any CPU.ActiveCfg = Release|Any CPU
		{828F2A50-BB41-4FC6-8169-6B0E57E3CAE1}.Release|Any CPU.Build.0 = Release|Any CPU
	EndGlobalSection
	GlobalSection(SolutionProperties) = preSolution
		HideSolutionNode = FALSE
	EndGlobalSection
	GlobalSection(ExtensibilityGlobals) = postSolution
		SolutionGuid = {ABCABC24-4A1C-4235-B218-5135CD82E03F}
	EndGlobalSection
EndGlobal
