
Microsoft Visual Studio Solution File, Format Version 12.00
# Visual Studio Version 17
VisualStudioVersion = 17.3.32929.385
MinimumVisualStudioVersion = 10.0.40219.1
Project("{FAE04EC0-301F-11D3-BF4B-00C04F79EFBC}") = "Utils", "Utils\Utils.csproj", "{74BBC1AE-141F-4C4F-8EE7-F6371461406B}"
EndProject
Global
	GlobalSection(SolutionConfigurationPlatforms) = preSolution
		Debug|Any CPU = Debug|Any CPU
		Release|Any CPU = Release|Any CPU
	EndGlobalSection
	GlobalSection(ProjectConfigurationPlatforms) = postSolution
		{E7A5F12E-9B61-4847-AF58-DB3FD4093EE1}.Debug|Any CPU.ActiveCfg = Debug|Any CPU
		{E7A5F12E-9B61-4847-AF58-DB3FD4093EE1}.Debug|Any CPU.Build.0 = Debug|Any CPU
		{E7A5F12E-9B61-4847-AF58-DB3FD4093EE1}.Release|Any CPU.ActiveCfg = Release|Any CPU
		{E7A5F12E-9B61-4847-AF58-DB3FD4093EE1}.Release|Any CPU.Build.0 = Release|Any CPU
		{74BBC1AE-141F-4C4F-8EE7-F6371461406B}.Debug|Any CPU.ActiveCfg = Debug|Any CPU
		{74BBC1AE-141F-4C4F-8EE7-F6371461406B}.Debug|Any CPU.Build.0 = Debug|Any CPU
		{74BBC1AE-141F-4C4F-8EE7-F6371461406B}.Release|Any CPU.ActiveCfg = Release|Any CPU
		{74BBC1AE-141F-4C4F-8EE7-F6371461406B}.Release|Any CPU.Build.0 = Release|Any CPU
	EndGlobalSection
	GlobalSection(SolutionProperties) = preSolution
		HideSolutionNode = FALSE
	EndGlobalSection
	GlobalSection(ExtensibilityGlobals) = postSolution
		SolutionGuid = {ABCABC24-4A1C-4235-B218-5135CD82E03F}
	EndGlobalSection
EndGlobal
